
Microsoft Visual Studio Solution File, Format Version 12.00
# Visual Studio 14
VisualStudioVersion = 14.0.25420.1
MinimumVisualStudioVersion = 10.0.40219.1
Project("{FAE04EC0-301F-11D3-BF4B-00C04F79EFBC}") = "KOS NETWORK", "KOS NETWORK\KOS NETWORK.csproj", "{521D5900-E67F-400B-BCDE-740893A006CB}"
EndProject
Project("{FAE04EC0-301F-11D3-BF4B-00C04F79EFBC}") = "KOS INSTALLER", "WindowsFormsApplication1\KOS INSTALLER.csproj", "{D7E6D1E4-293A-4391-9B47-C62D3BB7FAB6}"
EndProject
Project("{FAE04EC0-301F-11D3-BF4B-00C04F79EFBC}") = "KOZip", "KOZip\KOZip.csproj", "{27933346-E4D7-4F99-BBA8-8FAD2802D3DC}"
EndProject
Project("{8BC9CEB8-8B4A-11D0-8D11-00A0C91BC942}") = "unark", "..\..\..\탄소\Ark6\unark\unark.vcxproj", "{0779AB0A-F05D-4AD1-B4BF-9D693A81BB43}"
EndProject
Project("{FAE04EC0-301F-11D3-BF4B-00C04F79EFBC}") = "KOS MINIGAME", "KOS Minigame\KOS MINIGAME.csproj", "{F547D8A7-5A33-44C2-BEDF-4ACCC625E179}"
EndProject
Global
	GlobalSection(SolutionConfigurationPlatforms) = preSolution
		Debug|Any CPU = Debug|Any CPU
		Debug|x86 = Debug|x86
		Release|Any CPU = Release|Any CPU
		Release|x86 = Release|x86
	EndGlobalSection
	GlobalSection(ProjectConfigurationPlatforms) = postSolution
		{521D5900-E67F-400B-BCDE-740893A006CB}.Debug|Any CPU.ActiveCfg = Debug|Any CPU
		{521D5900-E67F-400B-BCDE-740893A006CB}.Debug|Any CPU.Build.0 = Debug|Any CPU
		{521D5900-E67F-400B-BCDE-740893A006CB}.Debug|x86.ActiveCfg = Debug|Any CPU
		{521D5900-E67F-400B-BCDE-740893A006CB}.Debug|x86.Build.0 = Debug|Any CPU
		{521D5900-E67F-400B-BCDE-740893A006CB}.Release|Any CPU.ActiveCfg = Release|Any CPU
		{521D5900-E67F-400B-BCDE-740893A006CB}.Release|Any CPU.Build.0 = Release|Any CPU
		{521D5900-E67F-400B-BCDE-740893A006CB}.Release|x86.ActiveCfg = Release|Any CPU
		{521D5900-E67F-400B-BCDE-740893A006CB}.Release|x86.Build.0 = Release|Any CPU
		{D7E6D1E4-293A-4391-9B47-C62D3BB7FAB6}.Debug|Any CPU.ActiveCfg = Debug|Any CPU
		{D7E6D1E4-293A-4391-9B47-C62D3BB7FAB6}.Debug|Any CPU.Build.0 = Debug|Any CPU
		{D7E6D1E4-293A-4391-9B47-C62D3BB7FAB6}.Debug|x86.ActiveCfg = Debug|Any CPU
		{D7E6D1E4-293A-4391-9B47-C62D3BB7FAB6}.Debug|x86.Build.0 = Debug|Any CPU
		{D7E6D1E4-293A-4391-9B47-C62D3BB7FAB6}.Release|Any CPU.ActiveCfg = Release|Any CPU
		{D7E6D1E4-293A-4391-9B47-C62D3BB7FAB6}.Release|Any CPU.Build.0 = Release|Any CPU
		{D7E6D1E4-293A-4391-9B47-C62D3BB7FAB6}.Release|x86.ActiveCfg = Release|Any CPU
		{D7E6D1E4-293A-4391-9B47-C62D3BB7FAB6}.Release|x86.Build.0 = Release|Any CPU
		{27933346-E4D7-4F99-BBA8-8FAD2802D3DC}.Debug|Any CPU.ActiveCfg = Debug|Any CPU
		{27933346-E4D7-4F99-BBA8-8FAD2802D3DC}.Debug|Any CPU.Build.0 = Debug|Any CPU
		{27933346-E4D7-4F99-BBA8-8FAD2802D3DC}.Debug|x86.ActiveCfg = Debug|Any CPU
		{27933346-E4D7-4F99-BBA8-8FAD2802D3DC}.Debug|x86.Build.0 = Debug|Any CPU
		{27933346-E4D7-4F99-BBA8-8FAD2802D3DC}.Release|Any CPU.ActiveCfg = Release|Any CPU
		{27933346-E4D7-4F99-BBA8-8FAD2802D3DC}.Release|Any CPU.Build.0 = Release|Any CPU
		{27933346-E4D7-4F99-BBA8-8FAD2802D3DC}.Release|x86.ActiveCfg = Release|Any CPU
		{27933346-E4D7-4F99-BBA8-8FAD2802D3DC}.Release|x86.Build.0 = Release|Any CPU
		{0779AB0A-F05D-4AD1-B4BF-9D693A81BB43}.Debug|Any CPU.ActiveCfg = Debug|Win32
		{0779AB0A-F05D-4AD1-B4BF-9D693A81BB43}.Debug|x86.ActiveCfg = Debug|Win32
		{0779AB0A-F05D-4AD1-B4BF-9D693A81BB43}.Debug|x86.Build.0 = Debug|Win32
		{0779AB0A-F05D-4AD1-B4BF-9D693A81BB43}.Release|Any CPU.ActiveCfg = Release|Win32
		{0779AB0A-F05D-4AD1-B4BF-9D693A81BB43}.Release|x86.ActiveCfg = Release|Win32
		{0779AB0A-F05D-4AD1-B4BF-9D693A81BB43}.Release|x86.Build.0 = Release|Win32
		{F547D8A7-5A33-44C2-BEDF-4ACCC625E179}.Debug|Any CPU.ActiveCfg = Debug|Any CPU
		{F547D8A7-5A33-44C2-BEDF-4ACCC625E179}.Debug|Any CPU.Build.0 = Debug|Any CPU
		{F547D8A7-5A33-44C2-BEDF-4ACCC625E179}.Debug|x86.ActiveCfg = Debug|Any CPU
		{F547D8A7-5A33-44C2-BEDF-4ACCC625E179}.Debug|x86.Build.0 = Debug|Any CPU
		{F547D8A7-5A33-44C2-BEDF-4ACCC625E179}.Release|Any CPU.ActiveCfg = Release|Any CPU
		{F547D8A7-5A33-44C2-BEDF-4ACCC625E179}.Release|Any CPU.Build.0 = Release|Any CPU
		{F547D8A7-5A33-44C2-BEDF-4ACCC625E179}.Release|x86.ActiveCfg = Release|Any CPU
		{F547D8A7-5A33-44C2-BEDF-4ACCC625E179}.Release|x86.Build.0 = Release|Any CPU
	EndGlobalSection
	GlobalSection(SolutionProperties) = preSolution
		HideSolutionNode = FALSE
	EndGlobalSection
EndGlobal
